Microsoft Visual Studio Solution File, Format Version 9.00
# Visual Studio 2005
Project("{54435603-DBB4-11D2-8724-00A0C9A8B90C}") = "setuplyra", "..\setuplyra\setuplyra.vdproj", "{E2B93A95-76E8-4DC0-9007-5B8E87BAEC74}"
	ProjectSection(ProjectDependencies) = postProject
		{FA9D8EF6-A5D5-43F3-95C4-15F86DC36164} = {FA9D8EF6-A5D5-43F3-95C4-15F86DC36164}
	EndProjectSection
EndProject
Project("{54435603-DBB4-11D2-8724-00A0C9A8B90C}") = "sources", "..\sources\sources.vdproj", "{FA9D8EF6-A5D5-43F3-95C4-15F86DC36164}"
EndProject
Project("{FAE04EC0-301F-11D3-BF4B-00C04F79EFBC}") = "lyra2", "..\lyra2\lyra2.csproj", "{7B830E64-82E7-4C06-833A-F55C0C61A624}"
EndProject
Global
	GlobalSection(SolutionConfigurationPlatforms) = preSolution
		Debug|Any CPU = Debug|Any CPU
		Release|Any CPU = Release|Any CPU
	EndGlobalSection
	GlobalSection(ProjectConfigurationPlatforms) = postSolution
		{E2B93A95-76E8-4DC0-9007-5B8E87BAEC74}.Debug|Any CPU.ActiveCfg = Debug
		{E2B93A95-76E8-4DC0-9007-5B8E87BAEC74}.Release|Any CPU.ActiveCfg = Release
		{FA9D8EF6-A5D5-43F3-95C4-15F86DC36164}.Debug|Any CPU.ActiveCfg = Debug
		{FA9D8EF6-A5D5-43F3-95C4-15F86DC36164}.Release|Any CPU.ActiveCfg = Release
		{7B830E64-82E7-4C06-833A-F55C0C61A624}.Debug|Any CPU.ActiveCfg = Debug|Any CPU
		{7B830E64-82E7-4C06-833A-F55C0C61A624}.Debug|Any CPU.Build.0 = Debug|Any CPU
		{7B830E64-82E7-4C06-833A-F55C0C61A624}.Release|Any CPU.ActiveCfg = Release|Any CPU
		{7B830E64-82E7-4C06-833A-F55C0C61A624}.Release|Any CPU.Build.0 = Release|Any CPU
	EndGlobalSection
	GlobalSection(SolutionProperties) = preSolution
		HideSolutionNode = FALSE
	EndGlobalSection
EndGlobal
