Microsoft Visual Studio Solution File, Format Version 8.00
Project("{FAE04EC0-301F-11D3-BF4B-00C04F79EFBC}") = "lyra", "lyra.csproj", "{CACF63D5-C9CB-4878-95CC-7DA19367B68A}"
	ProjectSection(ProjectDependencies) = postProject
	EndProjectSection
EndProject
Project("{54435603-DBB4-11D2-8724-00A0C9A8B90C}") = "setuplyra", "..\setuplyra\setuplyra.vdproj", "{E2B93A95-76E8-4DC0-9007-5B8E87BAEC74}"
	ProjectSection(ProjectDependencies) = postProject
		{FA9D8EF6-A5D5-43F3-95C4-15F86DC36164} = {FA9D8EF6-A5D5-43F3-95C4-15F86DC36164}
	EndProjectSection
EndProject
Project("{54435603-DBB4-11D2-8724-00A0C9A8B90C}") = "sources", "..\sources\sources.vdproj", "{FA9D8EF6-A5D5-43F3-95C4-15F86DC36164}"
	ProjectSection(ProjectDependencies) = postProject
	EndProjectSection
EndProject
Global
	GlobalSection(SolutionConfiguration) = preSolution
		Debug = Debug
		Release = Release
	EndGlobalSection
	GlobalSection(ProjectConfiguration) = postSolution
		{CACF63D5-C9CB-4878-95CC-7DA19367B68A}.Debug.ActiveCfg = Debug|.NET
		{CACF63D5-C9CB-4878-95CC-7DA19367B68A}.Debug.Build.0 = Debug|.NET
		{CACF63D5-C9CB-4878-95CC-7DA19367B68A}.Release.ActiveCfg = Release|.NET
		{CACF63D5-C9CB-4878-95CC-7DA19367B68A}.Release.Build.0 = Release|.NET
		{E2B93A95-76E8-4DC0-9007-5B8E87BAEC74}.Debug.ActiveCfg = Debug
		{E2B93A95-76E8-4DC0-9007-5B8E87BAEC74}.Release.ActiveCfg = Release
		{E2B93A95-76E8-4DC0-9007-5B8E87BAEC74}.Release.Build.0 = Release
		{FA9D8EF6-A5D5-43F3-95C4-15F86DC36164}.Debug.ActiveCfg = Debug
		{FA9D8EF6-A5D5-43F3-95C4-15F86DC36164}.Release.ActiveCfg = Release
		{FA9D8EF6-A5D5-43F3-95C4-15F86DC36164}.Release.Build.0 = Release
	EndGlobalSection
	GlobalSection(ExtensibilityGlobals) = postSolution
	EndGlobalSection
	GlobalSection(ExtensibilityAddIns) = postSolution
	EndGlobalSection
EndGlobal
