Microsoft Visual Studio Solution File, Format Version 8.00
Project("{20D4826A-C6FA-45DB-90F4-C717570B9F32}") = "lyrappc", "lyrappc.csdproj", "{E36AD4C0-6803-4CEE-A6BE-CBEAB8E88AE2}"
	ProjectSection(ProjectDependencies) = postProject
	EndProjectSection
EndProject
Project("{FAE04EC0-301F-11D3-BF4B-00C04F79EFBC}") = "CustomInstaller", "..\CustomInstaller\CustomInstaller.csproj", "{C60258DE-988C-43C7-97E0-096CBCCE3AFB}"
	ProjectSection(ProjectDependencies) = postProject
		{E36AD4C0-6803-4CEE-A6BE-CBEAB8E88AE2} = {E36AD4C0-6803-4CEE-A6BE-CBEAB8E88AE2}
	EndProjectSection
EndProject
Project("{54435603-DBB4-11D2-8724-00A0C9A8B90C}") = "Setup", "..\Setup\Setup.vdproj", "{E3438BD6-F191-4B60-A3D6-F3A27CFEBC6E}"
	ProjectSection(ProjectDependencies) = postProject
	EndProjectSection
EndProject
Global
	GlobalSection(SolutionConfiguration) = preSolution
		Debug = Debug
		Release = Release
	EndGlobalSection
	GlobalSection(ProjectConfiguration) = postSolution
		{E36AD4C0-6803-4CEE-A6BE-CBEAB8E88AE2}.Debug.ActiveCfg = Debug|Pocket PC
		{E36AD4C0-6803-4CEE-A6BE-CBEAB8E88AE2}.Debug.Build.0 = Debug|Pocket PC
		{E36AD4C0-6803-4CEE-A6BE-CBEAB8E88AE2}.Debug.Deploy.0 = Debug|Pocket PC
		{E36AD4C0-6803-4CEE-A6BE-CBEAB8E88AE2}.Release.ActiveCfg = Release|Pocket PC
		{E36AD4C0-6803-4CEE-A6BE-CBEAB8E88AE2}.Release.Build.0 = Release|Pocket PC
		{E36AD4C0-6803-4CEE-A6BE-CBEAB8E88AE2}.Release.Deploy.0 = Release|Pocket PC
		{C60258DE-988C-43C7-97E0-096CBCCE3AFB}.Debug.ActiveCfg = Debug|.NET
		{C60258DE-988C-43C7-97E0-096CBCCE3AFB}.Release.ActiveCfg = Release|.NET
		{C60258DE-988C-43C7-97E0-096CBCCE3AFB}.Release.Build.0 = Release|.NET
		{E3438BD6-F191-4B60-A3D6-F3A27CFEBC6E}.Debug.ActiveCfg = Debug
		{E3438BD6-F191-4B60-A3D6-F3A27CFEBC6E}.Release.ActiveCfg = Release
		{E3438BD6-F191-4B60-A3D6-F3A27CFEBC6E}.Release.Build.0 = Release
	EndGlobalSection
	GlobalSection(ExtensibilityGlobals) = postSolution
	EndGlobalSection
	GlobalSection(ExtensibilityAddIns) = postSolution
	EndGlobalSection
EndGlobal
